{
  "nodes": {
    "cargo-doc-live": {
      "locked": {
        "lastModified": 1724704668,
        "narHash": "sha256-kJFYXlWUodg5WhJ0NuvrP0mCvOT/2AOIo8oGeYLXocs=",
        "owner": "srid",
        "repo": "cargo-doc-live",
        "rev": "b09d5d258d2498829e03014931fc19aed499b86f",
        "type": "github"
      },
      "original": {
        "owner": "srid",
        "repo": "cargo-doc-live",
        "type": "github"
      }
    },
    "crane": {
      "locked": {
        "lastModified": 1762538466,
        "narHash": "sha256-8zrIPl6J+wLm9MH5ksHcW7BUHo7jSNOu0/hA0ohOOaM=",
        "owner": "ipetkov",
        "repo": "crane",
        "rev": "0cea393fffb39575c46b7a0318386467272182fe",
        "type": "github"
      },
      "original": {
        "owner": "ipetkov",
        "repo": "crane",
        "type": "github"
      }
    },
    "flake-parts": {
      "inputs": {
        "nixpkgs-lib": [
          "nixpkgs"
        ]
      },
      "locked": {
        "lastModified": 1763759067,
        "narHash": "sha256-LlLt2Jo/gMNYAwOgdRQBrsRoOz7BPRkzvNaI/fzXi2Q=",
        "owner": "hercules-ci",
        "repo": "flake-parts",
        "rev": "2cccadc7357c0ba201788ae99c4dfa90728ef5e0",
        "type": "github"
      },
      "original": {
        "owner": "hercules-ci",
        "repo": "flake-parts",
        "type": "github"
      }
    },
    "git-hooks": {
      "flake": false,
      "locked": {
        "lastModified": 1763741496,
        "narHash": "sha256-uIRqs/H18YEtMOn1OkbnPH+aNTwXKx+iU3qnxEkVUd0=",
        "owner": "cachix",
        "repo": "git-hooks.nix",
        "rev": "20e71a403c5de9ce5bd799031440da9728c1cda1",
        "type": "github"
      },
      "original": {
        "owner": "cachix",
        "repo": "git-hooks.nix",
        "type": "github"
      }
    },
    "nixpkgs": {
      "locked": {
        "lastModified": 1763618868,
        "narHash": "sha256-v5afmLjn/uyD9EQuPBn7nZuaZVV9r+JerayK/4wvdWA=",
        "owner": "nixos",
        "repo": "nixpkgs",
        "rev": "a8d610af3f1a5fb71e23e08434d8d61a466fc942",
        "type": "github"
      },
      "original": {
        "owner": "nixos",
        "ref": "nixpkgs-unstable",
        "repo": "nixpkgs",
        "type": "github"
      }
    },
    "process-compose-flake": {
      "locked": {
        "lastModified": 1763591764,
        "narHash": "sha256-fWFTm4t/t44f0NAV2wsmMpqHOYKbAPxkwjtgxqcD1GE=",
        "owner": "Platonic-Systems",
        "repo": "process-compose-flake",
        "rev": "1a991178ac404862f002170b5f4228b49011f14e",
        "type": "github"
      },
      "original": {
        "owner": "Platonic-Systems",
        "repo": "process-compose-flake",
        "type": "github"
      }
    },
    "root": {
      "inputs": {
        "cargo-doc-live": "cargo-doc-live",
        "flake-parts": "flake-parts",
        "git-hooks": "git-hooks",
        "nixpkgs": "nixpkgs",
        "process-compose-flake": "process-compose-flake",
        "rust-flake": "rust-flake",
        "systems": "systems"
      }
    },
    "rust-flake": {
      "inputs": {
        "crane": "crane",
        "nixpkgs": [
          "nixpkgs"
        ],
        "rust-overlay": "rust-overlay"
      },
      "locked": {
        "lastModified": 1763392470,
        "narHash": "sha256-9vz3iw64j9eM3eas/MObyO7sEUT0FSxNY+GcggokG9w=",
        "owner": "juspay",
        "repo": "rust-flake",
        "rev": "01a8211f2a8e2284391c453d239cc38d5f13f278",
        "type": "github"
      },
      "original": {
        "owner": "juspay",
        "repo": "rust-flake",
        "type": "github"
      }
    },
    "rust-overlay": {
      "inputs": {
        "nixpkgs": [
          "rust-flake",
          "nixpkgs"
        ]
      },
      "locked": {
        "lastModified": 1763174172,
        "narHash": "sha256-u6dcvXk2K6eYVYhmfiN3xmhIf3yUo5KPwm79UOD37Jo=",
        "owner": "oxalica",
        "repo": "rust-overlay",
        "rev": "89af6762b01409edbb595888a69311e8e5954110",
        "type": "github"
      },
      "original": {
        "owner": "oxalica",
        "repo": "rust-overlay",
        "type": "github"
      }
    },
    "systems": {
      "locked": {
        "lastModified": 1681028828,
        "narHash": "sha256-Vy1rq5AaRuLzOxct8nz4T6wlgyUR7zLU309k9mBC768=",
        "owner": "nix-systems",
        "repo": "default",
        "rev": "da67096a3b9bf56a91d16901293e51ba5b49a27e",
        "type": "github"
      },
      "original": {
        "owner": "nix-systems",
        "repo": "default",
        "type": "github"
      }
    }
  },
  "root": "root",
  "version": 7
}
